
Microsoft Visual Studio Solution File, Format Version 12.00
# Visual Studio 2013
VisualStudioVersion = 12.0.31101.0
MinimumVisualStudioVersion = 10.0.40219.1
Project("{9092AA53-FB77-4645-B42D-1CCCA6BD08BD}") = "WhiteBoard", "WhiteBoard.njsproj", "{39933583-8D3F-460F-8588-1CC43F6C9495}"
EndProject
Global
	GlobalSection(SolutionConfigurationPlatforms) = preSolution
		Debug|Any CPU = Debug|Any CPU
		Release|Any CPU = Release|Any CPU
	EndGlobalSection
	GlobalSection(ProjectConfigurationPlatforms) = postSolution
		{39933583-8D3F-460F-8588-1CC43F6C9495}.Debug|Any CPU.ActiveCfg = Debug|Any CPU
		{39933583-8D3F-460F-8588-1CC43F6C9495}.Debug|Any CPU.Build.0 = Debug|Any CPU
		{39933583-8D3F-460F-8588-1CC43F6C9495}.Release|Any CPU.ActiveCfg = Release|Any CPU
		{39933583-8D3F-460F-8588-1CC43F6C9495}.Release|Any CPU.Build.0 = Release|Any CPU
	EndGlobalSection
	GlobalSection(SolutionProperties) = preSolution
		HideSolutionNode = FALSE
	EndGlobalSection
EndGlobal
